{
  "nodes": {
    "fenix": {
      "inputs": {
        "nixpkgs": [
          "pwnvim",
          "nixpkgs"
        ],
        "rust-analyzer-src": "rust-analyzer-src"
      },
      "locked": {
        "lastModified": 1671690212,
        "narHash": "sha256-iLWnd/lyCIULpsJcFcrpA5JilMff7vzoniEcWLggp7o=",
        "owner": "nix-community",
        "repo": "fenix",
        "rev": "645713f090f2e40ff6b072a10b1d890e5ee6ea23",
        "type": "github"
      },
      "original": {
        "owner": "nix-community",
        "repo": "fenix",
        "type": "github"
      }
    },
    "flake-utils": {
      "locked": {
        "lastModified": 1667395993,
        "narHash": "sha256-nuEHfE/LcWyuSWnS8t12N1wc105Qtau+/OdUAjtQ0rA=",
        "owner": "numtide",
        "repo": "flake-utils",
        "rev": "5aed5285a952e0b949eb3ba02c12fa4fcfef535f",
        "type": "github"
      },
      "original": {
        "owner": "numtide",
        "repo": "flake-utils",
        "type": "github"
      }
    },
    "flake-utils_2": {
      "locked": {
        "lastModified": 1667395993,
        "narHash": "sha256-nuEHfE/LcWyuSWnS8t12N1wc105Qtau+/OdUAjtQ0rA=",
        "owner": "numtide",
        "repo": "flake-utils",
        "rev": "5aed5285a952e0b949eb3ba02c12fa4fcfef535f",
        "type": "github"
      },
      "original": {
        "owner": "numtide",
        "repo": "flake-utils",
        "type": "github"
      }
    },
    "flake-utils_3": {
      "locked": {
        "lastModified": 1659877975,
        "narHash": "sha256-zllb8aq3YO3h8B/U0/J1WBgAL8EX5yWf5pMj3G0NAmc=",
        "owner": "numtide",
        "repo": "flake-utils",
        "rev": "c0e246b9b83f637f4681389ecabcb2681b4f3af0",
        "type": "github"
      },
      "original": {
        "owner": "numtide",
        "repo": "flake-utils",
        "type": "github"
      }
    },
    "nixpkgs": {
      "locked": {
        "lastModified": 1671548329,
        "narHash": "sha256-OrC6R6zihRjFqdKFF3/vD3bkz44poONSII8ncre1Wh0=",
        "owner": "nixos",
        "repo": "nixpkgs",
        "rev": "ba6ba2b90096dc49f448aa4d4d783b5081b1cc87",
        "type": "github"
      },
      "original": {
        "owner": "nixos",
        "ref": "nixpkgs-unstable",
        "repo": "nixpkgs",
        "type": "github"
      }
    },
    "pwnvim": {
      "inputs": {
        "fenix": "fenix",
        "flake-utils": "flake-utils_2",
        "nixpkgs": [
          "nixpkgs"
        ],
        "telescope-media-files": "telescope-media-files"
      },
      "locked": {
        "lastModified": 1671732902,
        "narHash": "sha256-L4WQFdYghc4Q/Yn3gT0qmupnTtANuEN7eZN67nf9YAk=",
        "owner": "zmre",
        "repo": "pwnvim",
        "rev": "1643fa9abfa7c7537f47930a34acbc7f211373ba",
        "type": "github"
      },
      "original": {
        "owner": "zmre",
        "repo": "pwnvim",
        "type": "github"
      }
    },
    "root": {
      "inputs": {
        "flake-utils": "flake-utils",
        "nixpkgs": "nixpkgs",
        "pwnvim": "pwnvim",
        "rust-overlay": "rust-overlay"
      }
    },
    "rust-analyzer-src": {
      "flake": false,
      "locked": {
        "lastModified": 1671659018,
        "narHash": "sha256-y3btK8GxfZG599y0Y6yfMjPs4jz72Eej9FuWUMPrB7A=",
        "owner": "rust-lang",
        "repo": "rust-analyzer",
        "rev": "271f7b44d3d71db2ec2d0cd1a8a59aa16f902d49",
        "type": "github"
      },
      "original": {
        "owner": "rust-lang",
        "ref": "nightly",
        "repo": "rust-analyzer",
        "type": "github"
      }
    },
    "rust-overlay": {
      "inputs": {
        "flake-utils": "flake-utils_3",
        "nixpkgs": [
          "nixpkgs"
        ]
      },
      "locked": {
        "lastModified": 1671675758,
        "narHash": "sha256-wCrqs6waxH/cuaWiNdudjOBmzM1f4z4vtRgH8Zn0XbA=",
        "owner": "oxalica",
        "repo": "rust-overlay",
        "rev": "225c0b73534b7ead914c89fcb86c8de3df66eb15",
        "type": "github"
      },
      "original": {
        "owner": "oxalica",
        "repo": "rust-overlay",
        "type": "github"
      }
    },
    "telescope-media-files": {
      "flake": false,
      "locked": {
        "lastModified": 1634848033,
        "narHash": "sha256-/tJs7L+uET7gKobdE6IBZWvF13QyCsPW7956YqCM46o=",
        "owner": "nvim-telescope",
        "repo": "telescope-media-files.nvim",
        "rev": "513e4ee385edd72bf0b35a217b7e39f84b6fe93c",
        "type": "github"
      },
      "original": {
        "owner": "nvim-telescope",
        "repo": "telescope-media-files.nvim",
        "type": "github"
      }
    }
  },
  "root": "root",
  "version": 7
}
