{
  "nodes": {
    "clipboard-image": {
      "flake": false,
      "locked": {
        "lastModified": 1684856476,
        "narHash": "sha256-WTc5dzsRTK4Z68ITCoBD1XoFFXbeHuniMlP92U6g/qY=",
        "owner": "postfen",
        "repo": "clipboard-image.nvim",
        "rev": "af8fdaad7e6fed0741e18dbf2f57bdc7494adaee",
        "type": "github"
      },
      "original": {
        "owner": "postfen",
        "repo": "clipboard-image.nvim",
        "type": "github"
      }
    },
    "conform-nvim": {
      "flake": false,
      "locked": {
        "lastModified": 1694794672,
        "narHash": "sha256-VkSj+VlGI0agY/UDMEDZyASxegrbowlughKNZGhJI4M=",
        "owner": "stevearc",
        "repo": "conform.nvim",
        "rev": "9e7d1d6e47a8dcc93fac8d83eea74fef7a6b3322",
        "type": "github"
      },
      "original": {
        "owner": "stevearc",
        "repo": "conform.nvim",
        "type": "github"
      }
    },
    "fenix": {
      "inputs": {
        "nixpkgs": [
          "pwnvim",
          "nixpkgs"
        ],
        "rust-analyzer-src": "rust-analyzer-src"
      },
      "locked": {
        "lastModified": 1694326764,
        "narHash": "sha256-qNCKsVu9qxootyx/00MnUHHTNg+Zk4FKU0LLVlOddVI=",
        "owner": "nix-community",
        "repo": "fenix",
        "rev": "7d054170988547aadae58d146e51b9e9dcc95ba0",
        "type": "github"
      },
      "original": {
        "owner": "nix-community",
        "repo": "fenix",
        "type": "github"
      }
    },
    "flake-utils": {
      "inputs": {
        "systems": "systems"
      },
      "locked": {
        "lastModified": 1694529238,
        "narHash": "sha256-zsNZZGTGnMOf9YpHKJqMSsa0dXbfmxeoJ7xHlrt+xmY=",
        "owner": "numtide",
        "repo": "flake-utils",
        "rev": "ff7b65b44d01cf9ba6a71320833626af21126384",
        "type": "github"
      },
      "original": {
        "owner": "numtide",
        "repo": "flake-utils",
        "type": "github"
      }
    },
    "flake-utils_2": {
      "inputs": {
        "systems": "systems_2"
      },
      "locked": {
        "lastModified": 1692799911,
        "narHash": "sha256-3eihraek4qL744EvQXsK1Ha6C3CR7nnT8X2qWap4RNk=",
        "owner": "numtide",
        "repo": "flake-utils",
        "rev": "f9e7cf818399d17d347f847525c5a5a8032e4e44",
        "type": "github"
      },
      "original": {
        "owner": "numtide",
        "repo": "flake-utils",
        "type": "github"
      }
    },
    "flake-utils_3": {
      "inputs": {
        "systems": "systems_3"
      },
      "locked": {
        "lastModified": 1681202837,
        "narHash": "sha256-H+Rh19JDwRtpVPAWp64F+rlEtxUWBAQW28eAi3SRSzg=",
        "owner": "numtide",
        "repo": "flake-utils",
        "rev": "cfacdce06f30d2b68473a46042957675eebb3401",
        "type": "github"
      },
      "original": {
        "owner": "numtide",
        "repo": "flake-utils",
        "type": "github"
      }
    },
    "nixpkgs": {
      "locked": {
        "lastModified": 1694948089,
        "narHash": "sha256-d2B282GmQ9o8klc22/Rbbbj6r99EnELQpOQjWMyv0rU=",
        "owner": "nixos",
        "repo": "nixpkgs",
        "rev": "5148520bfab61f99fd25fb9ff7bfbb50dad3c9db",
        "type": "github"
      },
      "original": {
        "owner": "nixos",
        "ref": "nixpkgs-unstable",
        "repo": "nixpkgs",
        "type": "github"
      }
    },
    "pwnvim": {
      "inputs": {
        "clipboard-image": "clipboard-image",
        "conform-nvim": "conform-nvim",
        "fenix": "fenix",
        "flake-utils": "flake-utils_2",
        "nixpkgs": [
          "nixpkgs"
        ],
        "vscode-langservers-custom": "vscode-langservers-custom"
      },
      "locked": {
        "lastModified": 1694987249,
        "narHash": "sha256-0tmailsf/76AIR5Vc0CDmox7yAxak6G+ZdvSuG1kU7Y=",
        "owner": "zmre",
        "repo": "pwnvim",
        "rev": "15e5cab026e81fe26c48dfe277336ad215f05af8",
        "type": "github"
      },
      "original": {
        "owner": "zmre",
        "repo": "pwnvim",
        "type": "github"
      }
    },
    "root": {
      "inputs": {
        "flake-utils": "flake-utils",
        "nixpkgs": "nixpkgs",
        "pwnvim": "pwnvim",
        "rust-overlay": "rust-overlay"
      }
    },
    "rust-analyzer-src": {
      "flake": false,
      "locked": {
        "lastModified": 1694264019,
        "narHash": "sha256-wVKOQWx9CYJRRA1F6UMxVh4F//Ns4rO8DIb3jW60yEw=",
        "owner": "rust-lang",
        "repo": "rust-analyzer",
        "rev": "994df3d6a31d39f11600f30a6df0b744b13937c1",
        "type": "github"
      },
      "original": {
        "owner": "rust-lang",
        "ref": "nightly",
        "repo": "rust-analyzer",
        "type": "github"
      }
    },
    "rust-overlay": {
      "inputs": {
        "flake-utils": "flake-utils_3",
        "nixpkgs": [
          "nixpkgs"
        ]
      },
      "locked": {
        "lastModified": 1695003086,
        "narHash": "sha256-d1/ZKuBRpxifmUf7FaedCqhy0lyVbqj44Oc2s+P5bdA=",
        "owner": "oxalica",
        "repo": "rust-overlay",
        "rev": "b87a14abea512d956f0b89d0d8a1e9b41f3e20ff",
        "type": "github"
      },
      "original": {
        "owner": "oxalica",
        "repo": "rust-overlay",
        "type": "github"
      }
    },
    "systems": {
      "locked": {
        "lastModified": 1681028828,
        "narHash": "sha256-Vy1rq5AaRuLzOxct8nz4T6wlgyUR7zLU309k9mBC768=",
        "owner": "nix-systems",
        "repo": "default",
        "rev": "da67096a3b9bf56a91d16901293e51ba5b49a27e",
        "type": "github"
      },
      "original": {
        "owner": "nix-systems",
        "repo": "default",
        "type": "github"
      }
    },
    "systems_2": {
      "locked": {
        "lastModified": 1681028828,
        "narHash": "sha256-Vy1rq5AaRuLzOxct8nz4T6wlgyUR7zLU309k9mBC768=",
        "owner": "nix-systems",
        "repo": "default",
        "rev": "da67096a3b9bf56a91d16901293e51ba5b49a27e",
        "type": "github"
      },
      "original": {
        "owner": "nix-systems",
        "repo": "default",
        "type": "github"
      }
    },
    "systems_3": {
      "locked": {
        "lastModified": 1681028828,
        "narHash": "sha256-Vy1rq5AaRuLzOxct8nz4T6wlgyUR7zLU309k9mBC768=",
        "owner": "nix-systems",
        "repo": "default",
        "rev": "da67096a3b9bf56a91d16901293e51ba5b49a27e",
        "type": "github"
      },
      "original": {
        "owner": "nix-systems",
        "repo": "default",
        "type": "github"
      }
    },
    "vscode-langservers-custom": {
      "flake": false,
      "locked": {
        "lastModified": 1682357637,
        "narHash": "sha256-RLRDEHfEJ2ckn0HTMu0WbMK/o9W20Xwm+XI6kCq57u8=",
        "owner": "hrsh7th",
        "repo": "vscode-langservers-extracted",
        "rev": "dfa59d9fbea396c02884af085d6a1b300057b60c",
        "type": "github"
      },
      "original": {
        "owner": "hrsh7th",
        "ref": "v4.7.0",
        "repo": "vscode-langservers-extracted",
        "type": "github"
      }
    }
  },
  "root": "root",
  "version": 7
}
